
Microsoft Visual Studio Solution File, Format Version 12.00
Project("{FAE04EC0-301F-11D3-BF4B-00C04F79EFBC}") = "DigiBuy.Api", "DigiBuy.Api\DigiBuy.Api.csproj", "{A07D58BE-1867-464B-A8C0-524AEC31651D}"
EndProject
Global
	GlobalSection(SolutionConfigurationPlatforms) = preSolution
		Debug|Any CPU = Debug|Any CPU
		Release|Any CPU = Release|Any CPU
	EndGlobalSection
	GlobalSection(ProjectConfigurationPlatforms) = postSolution
		{A07D58BE-1867-464B-A8C0-524AEC31651D}.Debug|Any CPU.ActiveCfg = Debug|Any CPU
		{A07D58BE-1867-464B-A8C0-524AEC31651D}.Debug|Any CPU.Build.0 = Debug|Any CPU
		{A07D58BE-1867-464B-A8C0-524AEC31651D}.Release|Any CPU.ActiveCfg = Release|Any CPU
		{A07D58BE-1867-464B-A8C0-524AEC31651D}.Release|Any CPU.Build.0 = Release|Any CPU
	EndGlobalSection
EndGlobal
